
Microsoft Visual Studio Solution File, Format Version 12.00
# Visual Studio Version 17
VisualStudioVersion = 17.2.32519.379
MinimumVisualStudioVersion = 10.0.40219.1
Project("{9A19103F-16F7-4668-BE54-9A1E7A4F7556}") = "IBIChallenge", "IBIChallenge\IBIChallenge.csproj", "{EEEF329C-D8A8-4EB5-8167-41C7C1495A28}"
EndProject
Global
	GlobalSection(SolutionConfigurationPlatforms) = preSolution
		Debug|Any CPU = Debug|Any CPU
		Release|Any CPU = Release|Any CPU
	EndGlobalSection
	GlobalSection(ProjectConfigurationPlatforms) = postSolution
		{EEEF329C-D8A8-4EB5-8167-41C7C1495A28}.Debug|Any CPU.ActiveCfg = Debug|Any CPU
		{EEEF329C-D8A8-4EB5-8167-41C7C1495A28}.Debug|Any CPU.Build.0 = Debug|Any CPU
		{EEEF329C-D8A8-4EB5-8167-41C7C1495A28}.Release|Any CPU.ActiveCfg = Release|Any CPU
		{EEEF329C-D8A8-4EB5-8167-41C7C1495A28}.Release|Any CPU.Build.0 = Release|Any CPU
	EndGlobalSection
	GlobalSection(SolutionProperties) = preSolution
		HideSolutionNode = FALSE
	EndGlobalSection
	GlobalSection(ExtensibilityGlobals) = postSolution
		SolutionGuid = {3937064B-B7E6-4D80-B7DB-B00614A98B3C}
	EndGlobalSection
EndGlobal
